// !$*UTF8*$!
{
	archiveVersion = 1;
	classes = {
	};
	objectVersion = 55;
	objects = {

/* Begin PBXBuildFile section */
		1CAD07452929763D00E67F21 /* HairestheticsApp.swift in Sources */ = {isa = PBXBuildFile; fileRef = 1CAD07442929763D00E67F21 /* HairestheticsApp.swift */; };
		1CAD07472929763D00E67F21 /* ContentView.swift in Sources */ = {isa = PBXBuildFile; fileRef = 1CAD07462929763D00E67F21 /* ContentView.swift */; };
		1CAD07492929763E00E67F21 /* Assets.xcassets in Resources */ = {isa = PBXBuildFile; fileRef = 1CAD07482929763E00E67F21 /* Assets.xcassets */; };
		1CAD074C2929763E00E67F21 /* Preview Assets.xcassets in Resources */ = {isa = PBXBuildFile; fileRef = 1CAD074B2929763E00E67F21 /* Preview Assets.xcassets */; };
		1CAD07562929763F00E67F21 /* HairestheticsTests.swift in Sources */ = {isa = PBXBuildFile; fileRef = 1CAD07552929763F00E67F21 /* HairestheticsTests.swift */; };
		1CAD07602929763F00E67F21 /* HairestheticsUITests.swift in Sources */ = {isa = PBXBuildFile; fileRef = 1CAD075F2929763F00E67F21 /* HairestheticsUITests.swift */; };
		1CAD07622929763F00E67F21 /* HairestheticsUITestsLaunchTests.swift in Sources */ = {isa = PBXBuildFile; fileRef = 1CAD07612929763F00E67F21 /* HairestheticsUITestsLaunchTests.swift */; };
		1CAD077229298F5E00E67F21 /* Box.swift in Sources */ = {isa = PBXBuildFile; fileRef = 1CAD077129298F5E00E67F21 /* Box.swift */; };
		1CAD07742929C16F00E67F21 /* HairstyleMenu.swift in Sources */ = {isa = PBXBuildFile; fileRef = 1CAD07732929C16E00E67F21 /* HairstyleMenu.swift */; };
		1CAD07762929CF3600E67F21 /* HaircolorMenu.swift in Sources */ = {isa = PBXBuildFile; fileRef = 1CAD07752929CF3600E67F21 /* HaircolorMenu.swift */; };
		1CB0E2E5292EE2B200584141 /* Launch Screen.storyboard in Resources */ = {isa = PBXBuildFile; fileRef = 1CB0E2E4292EE2B200584141 /* Launch Screen.storyboard */; };
		1CB0E2EB292EE5FB00584141 /* textRow.swift in Sources */ = {isa = PBXBuildFile; fileRef = 1CB0E2E7292EE5FB00584141 /* textRow.swift */; };
		1CB0E2EC292EE5FB00584141 /* SettingsView.swift in Sources */ = {isa = PBXBuildFile; fileRef = 1CB0E2E8292EE5FB00584141 /* SettingsView.swift */; };
		1CB0E2ED292EE5FB00584141 /* Icon.swift in Sources */ = {isa = PBXBuildFile; fileRef = 1CB0E2E9292EE5FB00584141 /* Icon.swift */; };
		1CB0E2EE292EE5FB00584141 /* buttonRow.swift in Sources */ = {isa = PBXBuildFile; fileRef = 1CB0E2EA292EE5FB00584141 /* buttonRow.swift */; };
		1CB0E2F1292EE62100584141 /* ColorExtension.swift in Sources */ = {isa = PBXBuildFile; fileRef = 1CB0E2F0292EE62100584141 /* ColorExtension.swift */; };
/* End PBXBuildFile section */

/* Begin PBXContainerItemProxy section */
		1CAD07522929763F00E67F21 /* PBXContainerItemProxy */ = {
			isa = PBXContainerItemProxy;
			containerPortal = 1CAD07392929763D00E67F21 /* Project object */;
			proxyType = 1;
			remoteGlobalIDString = 1CAD07402929763D00E67F21;
			remoteInfo = Hairesthetics;
		};
		1CAD075C2929763F00E67F21 /* PBXContainerItemProxy */ = {
			isa = PBXContainerItemProxy;
			containerPortal = 1CAD07392929763D00E67F21 /* Project object */;
			proxyType = 1;
			remoteGlobalIDString = 1CAD07402929763D00E67F21;
			remoteInfo = Hairesthetics;
		};
/* End PBXContainerItemProxy section */

/* Begin PBXFileReference section */
		1CAD07412929763D00E67F21 /* Hairesthetics.app */ = {isa = PBXFileReference; explicitFileType = wrapper.application; includeInIndex = 0; path = Hairesthetics.app; sourceTree = BUILT_PRODUCTS_DIR; };
		1CAD07442929763D00E67F21 /* HairestheticsApp.swift */ = {isa = PBXFileReference; lastKnownFileType = sourcecode.swift; path = HairestheticsApp.swift; sourceTree = "<group>"; };
		1CAD07462929763D00E67F21 /* ContentView.swift */ = {isa = PBXFileReference; lastKnownFileType = sourcecode.swift; path = ContentView.swift; sourceTree = "<group>"; };
		1CAD07482929763E00E67F21 /* Assets.xcassets */ = {isa = PBXFileReference; lastKnownFileType = folder.assetcatalog; path = Assets.xcassets; sourceTree = "<group>"; };
		1CAD074B2929763E00E67F21 /* Preview Assets.xcassets */ = {isa = PBXFileReference; lastKnownFileType = folder.assetcatalog; path = "Preview Assets.xcassets"; sourceTree = "<group>"; };
		1CAD07512929763F00E67F21 /* HairestheticsTests.xctest */ = {isa = PBXFileReference; explicitFileType = wrapper.cfbundle; includeInIndex = 0; path = HairestheticsTests.xctest; sourceTree = BUILT_PRODUCTS_DIR; };
		1CAD07552929763F00E67F21 /* HairestheticsTests.swift */ = {isa = PBXFileReference; lastKnownFileType = sourcecode.swift; path = HairestheticsTests.swift; sourceTree = "<group>"; };
		1CAD075B2929763F00E67F21 /* HairestheticsUITests.xctest */ = {isa = PBXFileReference; explicitFileType = wrapper.cfbundle; includeInIndex = 0; path = HairestheticsUITests.xctest; sourceTree = BUILT_PRODUCTS_DIR; };
		1CAD075F2929763F00E67F21 /* HairestheticsUITests.swift */ = {isa = PBXFileReference; lastKnownFileType = sourcecode.swift; path = HairestheticsUITests.swift; sourceTree = "<group>"; };
		1CAD07612929763F00E67F21 /* HairestheticsUITestsLaunchTests.swift */ = {isa = PBXFileReference; lastKnownFileType = sourcecode.swift; path = HairestheticsUITestsLaunchTests.swift; sourceTree = "<group>"; };
		1CAD077129298F5E00E67F21 /* Box.swift */ = {isa = PBXFileReference; lastKnownFileType = sourcecode.swift; path = Box.swift; sourceTree = "<group>"; };
		1CAD07732929C16E00E67F21 /* HairstyleMenu.swift */ = {isa = PBXFileReference; lastKnownFileType = sourcecode.swift; path = HairstyleMenu.swift; sourceTree = "<group>"; };
		1CAD07752929CF3600E67F21 /* HaircolorMenu.swift */ = {isa = PBXFileReference; lastKnownFileType = sourcecode.swift; path = HaircolorMenu.swift; sourceTree = "<group>"; };
		1CB0E2E4292EE2B200584141 /* Launch Screen.storyboard */ = {isa = PBXFileReference; lastKnownFileType = file.storyboard; path = "Launch Screen.storyboard"; sourceTree = "<group>"; };
		1CB0E2E7292EE5FB00584141 /* textRow.swift */ = {isa = PBXFileReference; fileEncoding = 4; lastKnownFileType = sourcecode.swift; path = textRow.swift; sourceTree = "<group>"; };
		1CB0E2E8292EE5FB00584141 /* SettingsView.swift */ = {isa = PBXFileReference; fileEncoding = 4; lastKnownFileType = sourcecode.swift; path = SettingsView.swift; sourceTree = "<group>"; };
		1CB0E2E9292EE5FB00584141 /* Icon.swift */ = {isa = PBXFileReference; fileEncoding = 4; lastKnownFileType = sourcecode.swift; path = Icon.swift; sourceTree = "<group>"; };
		1CB0E2EA292EE5FB00584141 /* buttonRow.swift */ = {isa = PBXFileReference; fileEncoding = 4; lastKnownFileType = sourcecode.swift; path = buttonRow.swift; sourceTree = "<group>"; };
		1CB0E2F0292EE62100584141 /* ColorExtension.swift */ = {isa = PBXFileReference; fileEncoding = 4; lastKnownFileType = sourcecode.swift; path = ColorExtension.swift; sourceTree = "<group>"; };
/* End PBXFileReference section */

/* Begin PBXFrameworksBuildPhase section */
		1CAD073E2929763D00E67F21 /* Frameworks */ = {
			isa = PBXFrameworksBuildPhase;
			buildActionMask = 2147483647;
			files = (
			);
			runOnlyForDeploymentPostprocessing = 0;
		};
		1CAD074E2929763F00E67F21 /* Frameworks */ = {
			isa = PBXFrameworksBuildPhase;
			buildActionMask = 2147483647;
			files = (
			);
			runOnlyForDeploymentPostprocessing = 0;
		};
		1CAD07582929763F00E67F21 /* Frameworks */ = {
			isa = PBXFrameworksBuildPhase;
			buildActionMask = 2147483647;
			files = (
			);
			runOnlyForDeploymentPostprocessing = 0;
		};
/* End PBXFrameworksBuildPhase section */

/* Begin PBXGroup section */
		1CAD07382929763D00E67F21 = {
			isa = PBXGroup;
			children = (
				1CAD07432929763D00E67F21 /* Hairesthetics */,
				1CAD07542929763F00E67F21 /* HairestheticsTests */,
				1CAD075E2929763F00E67F21 /* HairestheticsUITests */,
				1CAD07422929763D00E67F21 /* Products */,
			);
			sourceTree = "<group>";
		};
		1CAD07422929763D00E67F21 /* Products */ = {
			isa = PBXGroup;
			children = (
				1CAD07412929763D00E67F21 /* Hairesthetics.app */,
				1CAD07512929763F00E67F21 /* HairestheticsTests.xctest */,
				1CAD075B2929763F00E67F21 /* HairestheticsUITests.xctest */,
			);
			name = Products;
			sourceTree = "<group>";
		};
		1CAD07432929763D00E67F21 /* Hairesthetics */ = {
			isa = PBXGroup;
			children = (
				1CB0E2EF292EE62100584141 /* Extension */,
				1CB0E2E3292EE29500584141 /* Launch Screen */,
				1CB0E2E1292EE22E00584141 /* Controller */,
				1CAD076E29298F0100E67F21 /* Views */,
				1CAD07442929763D00E67F21 /* HairestheticsApp.swift */,
				1CAD07462929763D00E67F21 /* ContentView.swift */,
				1CAD07482929763E00E67F21 /* Assets.xcassets */,
				1CAD074A2929763E00E67F21 /* Preview Content */,
			);
			path = Hairesthetics;
			sourceTree = "<group>";
		};
		1CAD074A2929763E00E67F21 /* Preview Content */ = {
			isa = PBXGroup;
			children = (
				1CAD074B2929763E00E67F21 /* Preview Assets.xcassets */,
			);
			path = "Preview Content";
			sourceTree = "<group>";
		};
		1CAD07542929763F00E67F21 /* HairestheticsTests */ = {
			isa = PBXGroup;
			children = (
				1CAD07552929763F00E67F21 /* HairestheticsTests.swift */,
			);
			path = HairestheticsTests;
			sourceTree = "<group>";
		};
		1CAD075E2929763F00E67F21 /* HairestheticsUITests */ = {
			isa = PBXGroup;
			children = (
				1CAD075F2929763F00E67F21 /* HairestheticsUITests.swift */,
				1CAD07612929763F00E67F21 /* HairestheticsUITestsLaunchTests.swift */,
			);
			path = HairestheticsUITests;
			sourceTree = "<group>";
		};
		1CAD076E29298F0100E67F21 /* Views */ = {
			isa = PBXGroup;
			children = (
				1CB0E2E6292EE5FB00584141 /* Settings */,
				1CB0E2E2292EE23B00584141 /* StyleMenu */,
				1CAD077129298F5E00E67F21 /* Box.swift */,
				1CAD07732929C16E00E67F21 /* HairstyleMenu.swift */,
				1CAD07752929CF3600E67F21 /* HaircolorMenu.swift */,
			);
			path = Views;
			sourceTree = "<group>";
		};
		1CB0E2E1292EE22E00584141 /* Controller */ = {
			isa = PBXGroup;
			children = (
			);
			path = Controller;
			sourceTree = "<group>";
		};
		1CB0E2E2292EE23B00584141 /* StyleMenu */ = {
			isa = PBXGroup;
			children = (
			);
			path = StyleMenu;
			sourceTree = "<group>";
		};
		1CB0E2E3292EE29500584141 /* Launch Screen */ = {
			isa = PBXGroup;
			children = (
				1CB0E2E4292EE2B200584141 /* Launch Screen.storyboard */,
			);
			path = "Launch Screen";
			sourceTree = "<group>";
		};
		1CB0E2E6292EE5FB00584141 /* Settings */ = {
			isa = PBXGroup;
			children = (
				1CB0E2E7292EE5FB00584141 /* textRow.swift */,
				1CB0E2E8292EE5FB00584141 /* SettingsView.swift */,
				1CB0E2E9292EE5FB00584141 /* Icon.swift */,
				1CB0E2EA292EE5FB00584141 /* buttonRow.swift */,
			);
			path = Settings;
			sourceTree = "<group>";
		};
		1CB0E2EF292EE62100584141 /* Extension */ = {
			isa = PBXGroup;
			children = (
				1CB0E2F0292EE62100584141 /* ColorExtension.swift */,
			);
			path = Extension;
			sourceTree = "<group>";
		};
/* End PBXGroup section */

/* Begin PBXNativeTarget section */
		1CAD07402929763D00E67F21 /* Hairesthetics */ = {
			isa = PBXNativeTarget;
			buildConfigurationList = 1CAD07652929763F00E67F21 /* Build configuration list for PBXNativeTarget "Hairesthetics" */;
			buildPhases = (
				1CAD073D2929763D00E67F21 /* Sources */,
				1CAD073E2929763D00E67F21 /* Frameworks */,
				1CAD073F2929763D00E67F21 /* Resources */,
			);
			buildRules = (
			);
			dependencies = (
			);
			name = Hairesthetics;
			productName = Hairesthetics;
			productReference = 1CAD07412929763D00E67F21 /* Hairesthetics.app */;
			productType = "com.apple.product-type.application";
		};
		1CAD07502929763F00E67F21 /* HairestheticsTests */ = {
			isa = PBXNativeTarget;
			buildConfigurationList = 1CAD07682929763F00E67F21 /* Build configuration list for PBXNativeTarget "HairestheticsTests" */;
			buildPhases = (
				1CAD074D2929763F00E67F21 /* Sources */,
				1CAD074E2929763F00E67F21 /* Frameworks */,
				1CAD074F2929763F00E67F21 /* Resources */,
			);
			buildRules = (
			);
			dependencies = (
				1CAD07532929763F00E67F21 /* PBXTargetDependency */,
			);
			name = HairestheticsTests;
			productName = HairestheticsTests;
			productReference = 1CAD07512929763F00E67F21 /* HairestheticsTests.xctest */;
			productType = "com.apple.product-type.bundle.unit-test";
		};
		1CAD075A2929763F00E67F21 /* HairestheticsUITests */ = {
			isa = PBXNativeTarget;
			buildConfigurationList = 1CAD076B2929763F00E67F21 /* Build configuration list for PBXNativeTarget "HairestheticsUITests" */;
			buildPhases = (
				1CAD07572929763F00E67F21 /* Sources */,
				1CAD07582929763F00E67F21 /* Frameworks */,
				1CAD07592929763F00E67F21 /* Resources */,
			);
			buildRules = (
			);
			dependencies = (
				1CAD075D2929763F00E67F21 /* PBXTargetDependency */,
			);
			name = HairestheticsUITests;
			productName = HairestheticsUITests;
			productReference = 1CAD075B2929763F00E67F21 /* HairestheticsUITests.xctest */;
			productType = "com.apple.product-type.bundle.ui-testing";
		};
/* End PBXNativeTarget section */

/* Begin PBXProject section */
		1CAD07392929763D00E67F21 /* Project object */ = {
			isa = PBXProject;
			attributes = {
				BuildIndependentTargetsInParallel = 1;
				LastSwiftUpdateCheck = 1310;
				LastUpgradeCheck = 1310;
				TargetAttributes = {
					1CAD07402929763D00E67F21 = {
						CreatedOnToolsVersion = 13.1;
					};
					1CAD07502929763F00E67F21 = {
						CreatedOnToolsVersion = 13.1;
						TestTargetID = 1CAD07402929763D00E67F21;
					};
					1CAD075A2929763F00E67F21 = {
						CreatedOnToolsVersion = 13.1;
						TestTargetID = 1CAD07402929763D00E67F21;
					};
				};
			};
			buildConfigurationList = 1CAD073C2929763D00E67F21 /* Build configuration list for PBXProject "Hairesthetics" */;
			compatibilityVersion = "Xcode 13.0";
			developmentRegion = en;
			hasScannedForEncodings = 0;
			knownRegions = (
				en,
				Base,
			);
			mainGroup = 1CAD07382929763D00E67F21;
			productRefGroup = 1CAD07422929763D00E67F21 /* Products */;
			projectDirPath = "";
			projectRoot = "";
			targets = (
				1CAD07402929763D00E67F21 /* Hairesthetics */,
				1CAD07502929763F00E67F21 /* HairestheticsTests */,
				1CAD075A2929763F00E67F21 /* HairestheticsUITests */,
			);
		};
/* End PBXProject section */

/* Begin PBXResourcesBuildPhase section */
		1CAD073F2929763D00E67F21 /* Resources */ = {
			isa = PBXResourcesBuildPhase;
			buildActionMask = 2147483647;
			files = (
				1CB0E2E5292EE2B200584141 /* Launch Screen.storyboard in Resources */,
				1CAD074C2929763E00E67F21 /* Preview Assets.xcassets in Resources */,
				1CAD07492929763E00E67F21 /* Assets.xcassets in Resources */,
			);
			runOnlyForDeploymentPostprocessing = 0;
		};
		1CAD074F2929763F00E67F21 /* Resources */ = {
			isa = PBXResourcesBuildPhase;
			buildActionMask = 2147483647;
			files = (
			);
			runOnlyForDeploymentPostprocessing = 0;
		};
		1CAD07592929763F00E67F21 /* Resources */ = {
			isa = PBXResourcesBuildPhase;
			buildActionMask = 2147483647;
			files = (
			);
			runOnlyForDeploymentPostprocessing = 0;
		};
/* End PBXResourcesBuildPhase section */

/* Begin PBXSourcesBuildPhase section */
		1CAD073D2929763D00E67F21 /* Sources */ = {
			isa = PBXSourcesBuildPhase;
			buildActionMask = 2147483647;
			files = (
				1CB0E2EC292EE5FB00584141 /* SettingsView.swift in Sources */,
				1CAD077229298F5E00E67F21 /* Box.swift in Sources */,
				1CB0E2EB292EE5FB00584141 /* textRow.swift in Sources */,
				1CAD07762929CF3600E67F21 /* HaircolorMenu.swift in Sources */,
				1CAD07472929763D00E67F21 /* ContentView.swift in Sources */,
				1CB0E2EE292EE5FB00584141 /* buttonRow.swift in Sources */,
				1CAD07452929763D00E67F21 /* HairestheticsApp.swift in Sources */,
				1CB0E2ED292EE5FB00584141 /* Icon.swift in Sources */,
				1CAD07742929C16F00E67F21 /* HairstyleMenu.swift in Sources */,
				1CB0E2F1292EE62100584141 /* ColorExtension.swift in Sources */,
			);
			runOnlyForDeploymentPostprocessing = 0;
		};
		1CAD074D2929763F00E67F21 /* Sources */ = {
			isa = PBXSourcesBuildPhase;
			buildActionMask = 2147483647;
			files = (
				1CAD07562929763F00E67F21 /* HairestheticsTests.swift in Sources */,
			);
			runOnlyForDeploymentPostprocessing = 0;
		};
		1CAD07572929763F00E67F21 /* Sources */ = {
			isa = PBXSourcesBuildPhase;
			buildActionMask = 2147483647;
			files = (
				1CAD07602929763F00E67F21 /* HairestheticsUITests.swift in Sources */,
				1CAD07622929763F00E67F21 /* HairestheticsUITestsLaunchTests.swift in Sources */,
			);
			runOnlyForDeploymentPostprocessing = 0;
		};
/* End PBXSourcesBuildPhase section */

/* Begin PBXTargetDependency section */
		1CAD07532929763F00E67F21 /* PBXTargetDependency */ = {
			isa = PBXTargetDependency;
			target = 1CAD07402929763D00E67F21 /* Hairesthetics */;
			targetProxy = 1CAD07522929763F00E67F21 /* PBXContainerItemProxy */;
		};
		1CAD075D2929763F00E67F21 /* PBXTargetDependency */ = {
			isa = PBXTargetDependency;
			target = 1CAD07402929763D00E67F21 /* Hairesthetics */;
			targetProxy = 1CAD075C2929763F00E67F21 /* PBXContainerItemProxy */;
		};
/* End PBXTargetDependency section */

/* Begin XCBuildConfiguration section */
		1CAD07632929763F00E67F21 /* Debug */ = {
			isa = XCBuildConfiguration;
			buildSettings = {
				ALWAYS_SEARCH_USER_PATHS = NO;
				CLANG_ANALYZER_NONNULL = YES;
				CLANG_ANALYZER_NUMBER_OBJECT_CONVERSION = YES_AGGRESSIVE;
				CLANG_CXX_LANGUAGE_STANDARD = "gnu++17";
				CLANG_CXX_LIBRARY = "libc++";
				CLANG_ENABLE_MODULES = YES;
				CLANG_ENABLE_OBJC_ARC = YES;
				CLANG_ENABLE_OBJC_WEAK = YES;
				CLANG_WARN_BLOCK_CAPTURE_AUTORELEASING = YES;
				CLANG_WARN_BOOL_CONVERSION = YES;
				CLANG_WARN_COMMA = YES;
				CLANG_WARN_CONSTANT_CONVERSION = YES;
				CLANG_WARN_DEPRECATED_OBJC_IMPLEMENTATIONS = YES;
				CLANG_WARN_DIRECT_OBJC_ISA_USAGE = YES_ERROR;
				CLANG_WARN_DOCUMENTATION_COMMENTS = YES;
				CLANG_WARN_EMPTY_BODY = YES;
				CLANG_WARN_ENUM_CONVERSION = YES;
				CLANG_WARN_INFINITE_RECURSION = YES;
				CLANG_WARN_INT_CONVERSION = YES;
				CLANG_WARN_NON_LITERAL_NULL_CONVERSION = YES;
				CLANG_WARN_OBJC_IMPLICIT_RETAIN_SELF = YES;
				CLANG_WARN_OBJC_LITERAL_CONVERSION = YES;
				CLANG_WARN_OBJC_ROOT_CLASS = YES_ERROR;
				CLANG_WARN_QUOTED_INCLUDE_IN_FRAMEWORK_HEADER = YES;
				CLANG_WARN_RANGE_LOOP_ANALYSIS = YES;
				CLANG_WARN_STRICT_PROTOTYPES = YES;
				CLANG_WARN_SUSPICIOUS_MOVE = YES;
				CLANG_WARN_UNGUARDED_AVAILABILITY = YES_AGGRESSIVE;
				CLANG_WARN_UNREACHABLE_CODE = YES;
				CLANG_WARN__DUPLICATE_METHOD_MATCH = YES;
				COPY_PHASE_STRIP = NO;
				DEBUG_INFORMATION_FORMAT = dwarf;
				ENABLE_STRICT_OBJC_MSGSEND = YES;
				ENABLE_TESTABILITY = YES;
				GCC_C_LANGUAGE_STANDARD = gnu11;
				GCC_DYNAMIC_NO_PIC = NO;
				GCC_NO_COMMON_BLOCKS = YES;
				GCC_OPTIMIZATION_LEVEL = 0;
				GCC_PREPROCESSOR_DEFINITIONS = (
					"DEBUG=1",
					"$(inherited)",
				);
				GCC_WARN_64_TO_32_BIT_CONVERSION = YES;
				GCC_WARN_ABOUT_RETURN_TYPE = YES_ERROR;
				GCC_WARN_UNDECLARED_SELECTOR = YES;
				GCC_WARN_UNINITIALIZED_AUTOS = YES_AGGRESSIVE;
				GCC_WARN_UNUSED_FUNCTION = YES;
				GCC_WARN_UNUSED_VARIABLE = YES;
				IPHONEOS_DEPLOYMENT_TARGET = 15.0;
				MTL_ENABLE_DEBUG_INFO = INCLUDE_SOURCE;
				MTL_FAST_MATH = YES;
				ONLY_ACTIVE_ARCH = YES;
				SDKROOT = iphoneos;
				SWIFT_ACTIVE_COMPILATION_CONDITIONS = DEBUG;
				SWIFT_OPTIMIZATION_LEVEL = "-Onone";
			};
			name = Debug;
		};
		1CAD07642929763F00E67F21 /* Release */ = {
			isa = XCBuildConfiguration;
			buildSettings = {
				ALWAYS_SEARCH_USER_PATHS = NO;
				CLANG_ANALYZER_NONNULL = YES;
				CLANG_ANALYZER_NUMBER_OBJECT_CONVERSION = YES_AGGRESSIVE;
				CLANG_CXX_LANGUAGE_STANDARD = "gnu++17";
				CLANG_CXX_LIBRARY = "libc++";
				CLANG_ENABLE_MODULES = YES;
				CLANG_ENABLE_OBJC_ARC = YES;
				CLANG_ENABLE_OBJC_WEAK = YES;
				CLANG_WARN_BLOCK_CAPTURE_AUTORELEASING = YES;
				CLANG_WARN_BOOL_CONVERSION = YES;
				CLANG_WARN_COMMA = YES;
				CLANG_WARN_CONSTANT_CONVERSION = YES;
				CLANG_WARN_DEPRECATED_OBJC_IMPLEMENTATIONS = YES;
				CLANG_WARN_DIRECT_OBJC_ISA_USAGE = YES_ERROR;
				CLANG_WARN_DOCUMENTATION_COMMENTS = YES;
				CLANG_WARN_EMPTY_BODY = YES;
				CLANG_WARN_ENUM_CONVERSION = YES;
				CLANG_WARN_INFINITE_RECURSION = YES;
				CLANG_WARN_INT_CONVERSION = YES;
				CLANG_WARN_NON_LITERAL_NULL_CONVERSION = YES;
				CLANG_WARN_OBJC_IMPLICIT_RETAIN_SELF = YES;
				CLANG_WARN_OBJC_LITERAL_CONVERSION = YES;
				CLANG_WARN_OBJC_ROOT_CLASS = YES_ERROR;
				CLANG_WARN_QUOTED_INCLUDE_IN_FRAMEWORK_HEADER = YES;
				CLANG_WARN_RANGE_LOOP_ANALYSIS = YES;
				CLANG_WARN_STRICT_PROTOTYPES = YES;
				CLANG_WARN_SUSPICIOUS_MOVE = YES;
				CLANG_WARN_UNGUARDED_AVAILABILITY = YES_AGGRESSIVE;
				CLANG_WARN_UNREACHABLE_CODE = YES;
				CLANG_WARN__DUPLICATE_METHOD_MATCH = YES;
				COPY_PHASE_STRIP = NO;
				DEBUG_INFORMATION_FORMAT = "dwarf-with-dsym";
				ENABLE_NS_ASSERTIONS = NO;
				ENABLE_STRICT_OBJC_MSGSEND = YES;
				GCC_C_LANGUAGE_STANDARD = gnu11;
				GCC_NO_COMMON_BLOCKS = YES;
				GCC_WARN_64_TO_32_BIT_CONVERSION = YES;
				GCC_WARN_ABOUT_RETURN_TYPE = YES_ERROR;
				GCC_WARN_UNDECLARED_SELECTOR = YES;
				GCC_WARN_UNINITIALIZED_AUTOS = YES_AGGRESSIVE;
				GCC_WARN_UNUSED_FUNCTION = YES;
				GCC_WARN_UNUSED_VARIABLE = YES;
				IPHONEOS_DEPLOYMENT_TARGET = 15.0;
				MTL_ENABLE_DEBUG_INFO = NO;
				MTL_FAST_MATH = YES;
				SDKROOT = iphoneos;
				SWIFT_COMPILATION_MODE = wholemodule;
				SWIFT_OPTIMIZATION_LEVEL = "-O";
				VALIDATE_PRODUCT = YES;
			};
			name = Release;
		};
		1CAD07662929763F00E67F21 /* Debug */ = {
			isa = XCBuildConfiguration;
			buildSettings = {
				ASSETCATALOG_COMPILER_APPICON_NAME = AppIcon;
				ASSETCATALOG_COMPILER_GLOBAL_ACCENT_COLOR_NAME = AccentColor;
				CODE_SIGN_STYLE = Automatic;
				CURRENT_PROJECT_VERSION = 1;
				DEVELOPMENT_ASSET_PATHS = "\"Hairesthetics/Preview Content\"";
				DEVELOPMENT_TEAM = 7C3RFH7X8Z;
				ENABLE_PREVIEWS = YES;
				GENERATE_INFOPLIST_FILE = YES;
				INFOPLIST_KEY_NSCameraUsageDescription = "$(PRODUCT_NAME)";
				INFOPLIST_KEY_NSPhotoLibraryUsageDescription = "$(PRODUCT_NAME)";
				INFOPLIST_KEY_UIApplicationSceneManifest_Generation = YES;
				INFOPLIST_KEY_UIApplicationSupportsIndirectInputEvents = YES;
				INFOPLIST_KEY_UILaunchScreen_Generation = YES;
				INFOPLIST_KEY_UISupportedInterfaceOrientations_iPad = "UIInterfaceOrientationPortrait UIInterfaceOrientationPortraitUpsideDown UIInterfaceOrientationLandscapeLeft UIInterfaceOrientationLandscapeRight";
				INFOPLIST_KEY_UISupportedInterfaceOrientations_iPhone = "UIInterfaceOrientationPortrait UIInterfaceOrientationLandscapeLeft UIInterfaceOrientationLandscapeRight";
				LD_RUNPATH_SEARCH_PATHS = (
					"$(inherited)",
					"@executable_path/Frameworks",
				);
				MARKETING_VERSION = 1.0;
				PRODUCT_BUNDLE_IDENTIFIER = com.emotionaldamage.hairesthetics.Hairesthetics;
				PRODUCT_NAME = "$(TARGET_NAME)";
				SWIFT_EMIT_LOC_STRINGS = YES;
				SWIFT_VERSION = 5.0;
				TARGETED_DEVICE_FAMILY = "1,2";
			};
			name = Debug;
		};
		1CAD07672929763F00E67F21 /* Release */ = {
			isa = XCBuildConfiguration;
			buildSettings = {
				ASSETCATALOG_COMPILER_APPICON_NAME = AppIcon;
				ASSETCATALOG_COMPILER_GLOBAL_ACCENT_COLOR_NAME = AccentColor;
				CODE_SIGN_STYLE = Automatic;
				CURRENT_PROJECT_VERSION = 1;
				DEVELOPMENT_ASSET_PATHS = "\"Hairesthetics/Preview Content\"";
				DEVELOPMENT_TEAM = 7C3RFH7X8Z;
				ENABLE_PREVIEWS = YES;
				GENERATE_INFOPLIST_FILE = YES;
				INFOPLIST_KEY_NSCameraUsageDescription = "$(PRODUCT_NAME)";
				INFOPLIST_KEY_NSPhotoLibraryUsageDescription = "$(PRODUCT_NAME)";
				INFOPLIST_KEY_UIApplicationSceneManifest_Generation = YES;
				INFOPLIST_KEY_UIApplicationSupportsIndirectInputEvents = YES;
				INFOPLIST_KEY_UILaunchScreen_Generation = YES;
				INFOPLIST_KEY_UISupportedInterfaceOrientations_iPad = "UIInterfaceOrientationPortrait UIInterfaceOrientationPortraitUpsideDown UIInterfaceOrientationLandscapeLeft UIInterfaceOrientationLandscapeRight";
				INFOPLIST_KEY_UISupportedInterfaceOrientations_iPhone = "UIInterfaceOrientationPortrait UIInterfaceOrientationLandscapeLeft UIInterfaceOrientationLandscapeRight";
				LD_RUNPATH_SEARCH_PATHS = (
					"$(inherited)",
					"@executable_path/Frameworks",
				);
				MARKETING_VERSION = 1.0;
				PRODUCT_BUNDLE_IDENTIFIER = com.emotionaldamage.hairesthetics.Hairesthetics;
				PRODUCT_NAME = "$(TARGET_NAME)";
				SWIFT_EMIT_LOC_STRINGS = YES;
				SWIFT_VERSION = 5.0;
				TARGETED_DEVICE_FAMILY = "1,2";
			};
			name = Release;
		};
		1CAD07692929763F00E67F21 /* Debug */ = {
			isa = XCBuildConfiguration;
			buildSettings = {
				ALWAYS_EMBED_SWIFT_STANDARD_LIBRARIES = YES;
				BUNDLE_LOADER = "$(TEST_HOST)";
				CODE_SIGN_STYLE = Automatic;
				CURRENT_PROJECT_VERSION = 1;
				DEVELOPMENT_TEAM = 7C3RFH7X8Z;
				GENERATE_INFOPLIST_FILE = YES;
				IPHONEOS_DEPLOYMENT_TARGET = 15.0;
				LD_RUNPATH_SEARCH_PATHS = (
					"$(inherited)",
					"@executable_path/Frameworks",
					"@loader_path/Frameworks",
				);
				MARKETING_VERSION = 1.0;
				PRODUCT_BUNDLE_IDENTIFIER = com.emotionaldamage.hairesthetics.HairestheticsTests;
				PRODUCT_NAME = "$(TARGET_NAME)";
				SWIFT_EMIT_LOC_STRINGS = NO;
				SWIFT_VERSION = 5.0;
				TARGETED_DEVICE_FAMILY = "1,2";
				TEST_HOST = "$(BUILT_PRODUCTS_DIR)/Hairesthetics.app/Hairesthetics";
			};
			name = Debug;
		};
		1CAD076A2929763F00E67F21 /* Release */ = {
			isa = XCBuildConfiguration;
			buildSettings = {
				ALWAYS_EMBED_SWIFT_STANDARD_LIBRARIES = YES;
				BUNDLE_LOADER = "$(TEST_HOST)";
				CODE_SIGN_STYLE = Automatic;
				CURRENT_PROJECT_VERSION = 1;
				DEVELOPMENT_TEAM = 7C3RFH7X8Z;
				GENERATE_INFOPLIST_FILE = YES;
				IPHONEOS_DEPLOYMENT_TARGET = 15.0;
				LD_RUNPATH_SEARCH_PATHS = (
					"$(inherited)",
					"@executable_path/Frameworks",
					"@loader_path/Frameworks",
				);
				MARKETING_VERSION = 1.0;
				PRODUCT_BUNDLE_IDENTIFIER = com.emotionaldamage.hairesthetics.HairestheticsTests;
				PRODUCT_NAME = "$(TARGET_NAME)";
				SWIFT_EMIT_LOC_STRINGS = NO;
				SWIFT_VERSION = 5.0;
				TARGETED_DEVICE_FAMILY = "1,2";
				TEST_HOST = "$(BUILT_PRODUCTS_DIR)/Hairesthetics.app/Hairesthetics";
			};
			name = Release;
		};
		1CAD076C2929763F00E67F21 /* Debug */ = {
			isa = XCBuildConfiguration;
			buildSettings = {
				ALWAYS_EMBED_SWIFT_STANDARD_LIBRARIES = YES;
				CODE_SIGN_STYLE = Automatic;
				CURRENT_PROJECT_VERSION = 1;
				DEVELOPMENT_TEAM = 7C3RFH7X8Z;
				GENERATE_INFOPLIST_FILE = YES;
				LD_RUNPATH_SEARCH_PATHS = (
					"$(inherited)",
					"@executable_path/Frameworks",
					"@loader_path/Frameworks",
				);
				MARKETING_VERSION = 1.0;
				PRODUCT_BUNDLE_IDENTIFIER = com.emotionaldamage.hairesthetics.HairestheticsUITests;
				PRODUCT_NAME = "$(TARGET_NAME)";
				SWIFT_EMIT_LOC_STRINGS = NO;
				SWIFT_VERSION = 5.0;
				TARGETED_DEVICE_FAMILY = "1,2";
				TEST_TARGET_NAME = Hairesthetics;
			};
			name = Debug;
		};
		1CAD076D2929763F00E67F21 /* Release */ = {
			isa = XCBuildConfiguration;
			buildSettings = {
				ALWAYS_EMBED_SWIFT_STANDARD_LIBRARIES = YES;
				CODE_SIGN_STYLE = Automatic;
				CURRENT_PROJECT_VERSION = 1;
				DEVELOPMENT_TEAM = 7C3RFH7X8Z;
				GENERATE_INFOPLIST_FILE = YES;
				LD_RUNPATH_SEARCH_PATHS = (
					"$(inherited)",
					"@executable_path/Frameworks",
					"@loader_path/Frameworks",
				);
				MARKETING_VERSION = 1.0;
				PRODUCT_BUNDLE_IDENTIFIER = com.emotionaldamage.hairesthetics.HairestheticsUITests;
				PRODUCT_NAME = "$(TARGET_NAME)";
				SWIFT_EMIT_LOC_STRINGS = NO;
				SWIFT_VERSION = 5.0;
				TARGETED_DEVICE_FAMILY = "1,2";
				TEST_TARGET_NAME = Hairesthetics;
			};
			name = Release;
		};
/* End XCBuildConfiguration section */

/* Begin XCConfigurationList section */
		1CAD073C2929763D00E67F21 /* Build configuration list for PBXProject "Hairesthetics" */ = {
			isa = XCConfigurationList;
			buildConfigurations = (
				1CAD07632929763F00E67F21 /* Debug */,
				1CAD07642929763F00E67F21 /* Release */,
			);
			defaultConfigurationIsVisible = 0;
			defaultConfigurationName = Release;
		};
		1CAD07652929763F00E67F21 /* Build configuration list for PBXNativeTarget "Hairesthetics" */ = {
			isa = XCConfigurationList;
			buildConfigurations = (
				1CAD07662929763F00E67F21 /* Debug */,
				1CAD07672929763F00E67F21 /* Release */,
			);
			defaultConfigurationIsVisible = 0;
			defaultConfigurationName = Release;
		};
		1CAD07682929763F00E67F21 /* Build configuration list for PBXNativeTarget "HairestheticsTests" */ = {
			isa = XCConfigurationList;
			buildConfigurations = (
				1CAD07692929763F00E67F21 /* Debug */,
				1CAD076A2929763F00E67F21 /* Release */,
			);
			defaultConfigurationIsVisible = 0;
			defaultConfigurationName = Release;
		};
		1CAD076B2929763F00E67F21 /* Build configuration list for PBXNativeTarget "HairestheticsUITests" */ = {
			isa = XCConfigurationList;
			buildConfigurations = (
				1CAD076C2929763F00E67F21 /* Debug */,
				1CAD076D2929763F00E67F21 /* Release */,
			);
			defaultConfigurationIsVisible = 0;
			defaultConfigurationName = Release;
		};
/* End XCConfigurationList section */
	};
	rootObject = 1CAD07392929763D00E67F21 /* Project object */;
}
